
Microsoft Visual Studio Solution File, Format Version 12.00
# Visual Studio 15
VisualStudioVersion = 15.0.26430.15
MinimumVisualStudioVersion = 10.0.40219.1
Project("{9A19103F-16F7-4668-BE54-9A1E7A4F7556}") = "SteamMatchmaking", "SteamMatchmaking\SteamMatchmaking.csproj", "{70F3506D-519A-4F4E-B222-017338A9B4B2}"
EndProject
Project("{9A19103F-16F7-4668-BE54-9A1E7A4F7556}") = "Console", "Console\Console.csproj", "{69876004-C0F0-477E-AD53-E2721ABBF0F2}"
EndProject
Project("{9A19103F-16F7-4668-BE54-9A1E7A4F7556}") = "Api", "Api\Api.csproj", "{688F3234-1D7C-4C39-B931-4701F6D85EAD}"
EndProject
Project("{FAE04EC0-301F-11D3-BF4B-00C04F79EFBC}") = "Web", "Web\Web.csproj", "{53F86606-9C4E-42C4-81AC-AA17941B7C47}"
EndProject
Global
	GlobalSection(SolutionConfigurationPlatforms) = preSolution
		Debug|Any CPU = Debug|Any CPU
		Debug|Mixed Platforms = Debug|Mixed Platforms
		Debug|x86 = Debug|x86
		Release|Any CPU = Release|Any CPU
		Release|Mixed Platforms = Release|Mixed Platforms
		Release|x86 = Release|x86
	EndGlobalSection
	GlobalSection(ProjectConfigurationPlatforms) = postSolution
		{70F3506D-519A-4F4E-B222-017338A9B4B2}.Debug|Any CPU.ActiveCfg = Debug|Any CPU
		{70F3506D-519A-4F4E-B222-017338A9B4B2}.Debug|Any CPU.Build.0 = Debug|Any CPU
		{70F3506D-519A-4F4E-B222-017338A9B4B2}.Debug|Mixed Platforms.ActiveCfg = Debug|Any CPU
		{70F3506D-519A-4F4E-B222-017338A9B4B2}.Debug|Mixed Platforms.Build.0 = Debug|Any CPU
		{70F3506D-519A-4F4E-B222-017338A9B4B2}.Debug|x86.ActiveCfg = Debug|Any CPU
		{70F3506D-519A-4F4E-B222-017338A9B4B2}.Release|Any CPU.ActiveCfg = Release|Any CPU
		{70F3506D-519A-4F4E-B222-017338A9B4B2}.Release|Any CPU.Build.0 = Release|Any CPU
		{70F3506D-519A-4F4E-B222-017338A9B4B2}.Release|Mixed Platforms.ActiveCfg = Release|Any CPU
		{70F3506D-519A-4F4E-B222-017338A9B4B2}.Release|Mixed Platforms.Build.0 = Release|Any CPU
		{70F3506D-519A-4F4E-B222-017338A9B4B2}.Release|x86.ActiveCfg = Release|Any CPU
		{69876004-C0F0-477E-AD53-E2721ABBF0F2}.Debug|Any CPU.ActiveCfg = Debug|Any CPU
		{69876004-C0F0-477E-AD53-E2721ABBF0F2}.Debug|Any CPU.Build.0 = Debug|Any CPU
		{69876004-C0F0-477E-AD53-E2721ABBF0F2}.Debug|Mixed Platforms.ActiveCfg = Debug|Any CPU
		{69876004-C0F0-477E-AD53-E2721ABBF0F2}.Debug|Mixed Platforms.Build.0 = Debug|Any CPU
		{69876004-C0F0-477E-AD53-E2721ABBF0F2}.Debug|x86.ActiveCfg = Debug|Any CPU
		{69876004-C0F0-477E-AD53-E2721ABBF0F2}.Debug|x86.Build.0 = Debug|Any CPU
		{69876004-C0F0-477E-AD53-E2721ABBF0F2}.Release|Any CPU.ActiveCfg = Release|Any CPU
		{69876004-C0F0-477E-AD53-E2721ABBF0F2}.Release|Any CPU.Build.0 = Release|Any CPU
		{69876004-C0F0-477E-AD53-E2721ABBF0F2}.Release|Mixed Platforms.ActiveCfg = Release|Any CPU
		{69876004-C0F0-477E-AD53-E2721ABBF0F2}.Release|Mixed Platforms.Build.0 = Release|Any CPU
		{69876004-C0F0-477E-AD53-E2721ABBF0F2}.Release|x86.ActiveCfg = Release|Any CPU
		{69876004-C0F0-477E-AD53-E2721ABBF0F2}.Release|x86.Build.0 = Release|Any CPU
		{688F3234-1D7C-4C39-B931-4701F6D85EAD}.Debug|Any CPU.ActiveCfg = Debug|Any CPU
		{688F3234-1D7C-4C39-B931-4701F6D85EAD}.Debug|Any CPU.Build.0 = Debug|Any CPU
		{688F3234-1D7C-4C39-B931-4701F6D85EAD}.Debug|Mixed Platforms.ActiveCfg = Debug|Any CPU
		{688F3234-1D7C-4C39-B931-4701F6D85EAD}.Debug|Mixed Platforms.Build.0 = Debug|Any CPU
		{688F3234-1D7C-4C39-B931-4701F6D85EAD}.Debug|x86.ActiveCfg = Debug|Any CPU
		{688F3234-1D7C-4C39-B931-4701F6D85EAD}.Debug|x86.Build.0 = Debug|Any CPU
		{688F3234-1D7C-4C39-B931-4701F6D85EAD}.Release|Any CPU.ActiveCfg = Release|Any CPU
		{688F3234-1D7C-4C39-B931-4701F6D85EAD}.Release|Any CPU.Build.0 = Release|Any CPU
		{688F3234-1D7C-4C39-B931-4701F6D85EAD}.Release|Mixed Platforms.ActiveCfg = Release|Any CPU
		{688F3234-1D7C-4C39-B931-4701F6D85EAD}.Release|Mixed Platforms.Build.0 = Release|Any CPU
		{688F3234-1D7C-4C39-B931-4701F6D85EAD}.Release|x86.ActiveCfg = Release|Any CPU
		{688F3234-1D7C-4C39-B931-4701F6D85EAD}.Release|x86.Build.0 = Release|Any CPU
		{53F86606-9C4E-42C4-81AC-AA17941B7C47}.Debug|Any CPU.ActiveCfg = Debug|Any CPU
		{53F86606-9C4E-42C4-81AC-AA17941B7C47}.Debug|Any CPU.Build.0 = Debug|Any CPU
		{53F86606-9C4E-42C4-81AC-AA17941B7C47}.Debug|Mixed Platforms.ActiveCfg = Debug|Any CPU
		{53F86606-9C4E-42C4-81AC-AA17941B7C47}.Debug|Mixed Platforms.Build.0 = Debug|Any CPU
		{53F86606-9C4E-42C4-81AC-AA17941B7C47}.Debug|x86.ActiveCfg = Debug|Any CPU
		{53F86606-9C4E-42C4-81AC-AA17941B7C47}.Debug|x86.Build.0 = Debug|Any CPU
		{53F86606-9C4E-42C4-81AC-AA17941B7C47}.Release|Any CPU.ActiveCfg = Release|Any CPU
		{53F86606-9C4E-42C4-81AC-AA17941B7C47}.Release|Any CPU.Build.0 = Release|Any CPU
		{53F86606-9C4E-42C4-81AC-AA17941B7C47}.Release|Mixed Platforms.ActiveCfg = Release|Any CPU
		{53F86606-9C4E-42C4-81AC-AA17941B7C47}.Release|Mixed Platforms.Build.0 = Release|Any CPU
		{53F86606-9C4E-42C4-81AC-AA17941B7C47}.Release|x86.ActiveCfg = Release|Any CPU
		{53F86606-9C4E-42C4-81AC-AA17941B7C47}.Release|x86.Build.0 = Release|Any CPU
	EndGlobalSection
	GlobalSection(SolutionProperties) = preSolution
		HideSolutionNode = FALSE
	EndGlobalSection
EndGlobal
